
Microsoft Visual Studio Solution File, Format Version 12.00
# Visual Studio 15
VisualStudioVersion = 15.0.27130.2010
MinimumVisualStudioVersion = 10.0.40219.1
Project("{FAE04EC0-301F-11D3-BF4B-00C04F79EFBC}") = "WPFBath", "WPFBath.csproj", "{F5DBF0B7-5157-4685-85A9-568811985BFC}"
EndProject
Global
	GlobalSection(SolutionConfigurationPlatforms) = preSolution
		Debug|Any CPU = Debug|Any CPU
		Release|Any CPU = Release|Any CPU
	EndGlobalSection
	GlobalSection(ProjectConfigurationPlatforms) = postSolution
		{F5DBF0B7-5157-4685-85A9-568811985BFC}.Debug|Any CPU.ActiveCfg = Debug|Any CPU
		{F5DBF0B7-5157-4685-85A9-568811985BFC}.Debug|Any CPU.Build.0 = Debug|Any CPU
		{F5DBF0B7-5157-4685-85A9-568811985BFC}.Release|Any CPU.ActiveCfg = Release|Any CPU
		{F5DBF0B7-5157-4685-85A9-568811985BFC}.Release|Any CPU.Build.0 = Release|Any CPU
	EndGlobalSection
	GlobalSection(SolutionProperties) = preSolution
		HideSolutionNode = FALSE
	EndGlobalSection
	GlobalSection(ExtensibilityGlobals) = postSolution
		SolutionGuid = {634B6987-ACB6-48DA-9E92-B840F120E4CA}
	EndGlobalSection
EndGlobal
